
Microsoft Visual Studio Solution File, Format Version 11.00
# Visual Studio 2010
Project("{FAE04EC0-301F-11D3-BF4B-00C04F79EFBC}") = "Assembly-CSharp", "Assembly-CSharp.csproj", "{9FDD7EF8-ADAA-F92C-79D6-539C28FF18DB}"
EndProject
Project("{FAE04EC0-301F-11D3-BF4B-00C04F79EFBC}") = "Assembly-CSharp-Editor", "Assembly-CSharp-Editor.csproj", "{D6C2140F-868B-EE91-076E-44F7BA324B01}"
EndProject
Global
	GlobalSection(SolutionConfigurationPlatforms) = preSolution
		Debug|Any CPU = Debug|Any CPU
		Release|Any CPU = Release|Any CPU
	EndGlobalSection
	GlobalSection(ProjectConfigurationPlatforms) = postSolution
		{9FDD7EF8-ADAA-F92C-79D6-539C28FF18DB}.Debug|Any CPU.ActiveCfg = Debug|Any CPU
		{9FDD7EF8-ADAA-F92C-79D6-539C28FF18DB}.Debug|Any CPU.Build.0 = Debug|Any CPU
		{9FDD7EF8-ADAA-F92C-79D6-539C28FF18DB}.Release|Any CPU.ActiveCfg = Release|Any CPU
		{9FDD7EF8-ADAA-F92C-79D6-539C28FF18DB}.Release|Any CPU.Build.0 = Release|Any CPU
		{D6C2140F-868B-EE91-076E-44F7BA324B01}.Debug|Any CPU.ActiveCfg = Debug|Any CPU
		{D6C2140F-868B-EE91-076E-44F7BA324B01}.Debug|Any CPU.Build.0 = Debug|Any CPU
		{D6C2140F-868B-EE91-076E-44F7BA324B01}.Release|Any CPU.ActiveCfg = Release|Any CPU
		{D6C2140F-868B-EE91-076E-44F7BA324B01}.Release|Any CPU.Build.0 = Release|Any CPU
	EndGlobalSection
	GlobalSection(SolutionProperties) = preSolution
		HideSolutionNode = FALSE
	EndGlobalSection
EndGlobal
